
Microsoft Visual Studio Solution File, Format Version 12.00
# Visual Studio Version 16
VisualStudioVersion = 16.0.31727.386
MinimumVisualStudioVersion = 10.0.40219.1
Project("{9A19103F-16F7-4668-BE54-9A1E7A4F7556}") = "OnlineStore.View", "OnlineStore\OnlineStore.View.csproj", "{278DDA19-741C-4EB2-81B3-37CB479F2254}"
EndProject
Project("{FAE04EC0-301F-11D3-BF4B-00C04F79EFBC}") = "OnlineStore.Core", "OnlineStoreContext\OnlineStore.Core.csproj", "{1114A3D7-AD57-4DBB-A021-1D30B46CA368}"
EndProject
Global
	GlobalSection(SolutionConfigurationPlatforms) = preSolution
		Debug|Any CPU = Debug|Any CPU
		Release|Any CPU = Release|Any CPU
	EndGlobalSection
	GlobalSection(ProjectConfigurationPlatforms) = postSolution
		{278DDA19-741C-4EB2-81B3-37CB479F2254}.Debug|Any CPU.ActiveCfg = Debug|Any CPU
		{278DDA19-741C-4EB2-81B3-37CB479F2254}.Debug|Any CPU.Build.0 = Debug|Any CPU
		{278DDA19-741C-4EB2-81B3-37CB479F2254}.Release|Any CPU.ActiveCfg = Release|Any CPU
		{278DDA19-741C-4EB2-81B3-37CB479F2254}.Release|Any CPU.Build.0 = Release|Any CPU
		{1114A3D7-AD57-4DBB-A021-1D30B46CA368}.Debug|Any CPU.ActiveCfg = Debug|Any CPU
		{1114A3D7-AD57-4DBB-A021-1D30B46CA368}.Debug|Any CPU.Build.0 = Debug|Any CPU
		{1114A3D7-AD57-4DBB-A021-1D30B46CA368}.Release|Any CPU.ActiveCfg = Release|Any CPU
		{1114A3D7-AD57-4DBB-A021-1D30B46CA368}.Release|Any CPU.Build.0 = Release|Any CPU
	EndGlobalSection
	GlobalSection(SolutionProperties) = preSolution
		HideSolutionNode = FALSE
	EndGlobalSection
	GlobalSection(ExtensibilityGlobals) = postSolution
		SolutionGuid = {349092C0-B82C-42DC-B681-D93C8215933C}
	EndGlobalSection
EndGlobal
